
Microsoft Visual Studio Solution File, Format Version 12.00
# Visual Studio Version 17
VisualStudioVersion = 17.5.33530.505
MinimumVisualStudioVersion = 10.0.40219.1
Project("{9A19103F-16F7-4668-BE54-9A1E7A4F7556}") = "EntityFrameworkMappingAndDatabase", "EntityFrameworkMappingAndDatabase.csproj", "{2272EC3E-07BF-47DE-AAAA-95744EA75737}"
EndProject
Project("{E53339B2-1760-4266-BCC7-CA923CBCF16C}") = "docker-compose", "docker-compose.dcproj", "{374AE490-9586-4E99-A4CF-91AA950C0B8E}"
EndProject
Global
	GlobalSection(SolutionConfigurationPlatforms) = preSolution
		Debug|Any CPU = Debug|Any CPU
		Release|Any CPU = Release|Any CPU
	EndGlobalSection
	GlobalSection(ProjectConfigurationPlatforms) = postSolution
		{2272EC3E-07BF-47DE-AAAA-95744EA75737}.Debug|Any CPU.ActiveCfg = Debug|Any CPU
		{2272EC3E-07BF-47DE-AAAA-95744EA75737}.Debug|Any CPU.Build.0 = Debug|Any CPU
		{2272EC3E-07BF-47DE-AAAA-95744EA75737}.Release|Any CPU.ActiveCfg = Release|Any CPU
		{2272EC3E-07BF-47DE-AAAA-95744EA75737}.Release|Any CPU.Build.0 = Release|Any CPU
		{374AE490-9586-4E99-A4CF-91AA950C0B8E}.Debug|Any CPU.ActiveCfg = Debug|Any CPU
		{374AE490-9586-4E99-A4CF-91AA950C0B8E}.Debug|Any CPU.Build.0 = Debug|Any CPU
		{374AE490-9586-4E99-A4CF-91AA950C0B8E}.Release|Any CPU.ActiveCfg = Release|Any CPU
		{374AE490-9586-4E99-A4CF-91AA950C0B8E}.Release|Any CPU.Build.0 = Release|Any CPU
	EndGlobalSection
	GlobalSection(SolutionProperties) = preSolution
		HideSolutionNode = FALSE
	EndGlobalSection
	GlobalSection(ExtensibilityGlobals) = postSolution
		SolutionGuid = {200FC23C-988E-485A-B3E8-405A26A6499A}
	EndGlobalSection
EndGlobal
